
Microsoft Visual Studio Solution File, Format Version 12.00
# Visual Studio Version 17
VisualStudioVersion = 17.4.33213.308
MinimumVisualStudioVersion = 10.0.40219.1
Project("{FAE04EC0-301F-11D3-BF4B-00C04F79EFBC}") = "8. Вероятности", "8. Вероятности\8. Вероятности.csproj", "{9B401658-A30D-4490-8777-6E067214679A}"
EndProject
Global
	GlobalSection(SolutionConfigurationPlatforms) = preSolution
		Debug|Any CPU = Debug|Any CPU
		Release|Any CPU = Release|Any CPU
	EndGlobalSection
	GlobalSection(ProjectConfigurationPlatforms) = postSolution
		{9B401658-A30D-4490-8777-6E067214679A}.Debug|Any CPU.ActiveCfg = Debug|Any CPU
		{9B401658-A30D-4490-8777-6E067214679A}.Debug|Any CPU.Build.0 = Debug|Any CPU
		{9B401658-A30D-4490-8777-6E067214679A}.Release|Any CPU.ActiveCfg = Release|Any CPU
		{9B401658-A30D-4490-8777-6E067214679A}.Release|Any CPU.Build.0 = Release|Any CPU
	EndGlobalSection
	GlobalSection(SolutionProperties) = preSolution
		HideSolutionNode = FALSE
	EndGlobalSection
	GlobalSection(ExtensibilityGlobals) = postSolution
		SolutionGuid = {83416A2B-898A-431D-A22D-9D61F896A741}
	EndGlobalSection
EndGlobal
